// !$*UTF8*$!
{
	archiveVersion = 1;
	classes = {
	};
	objectVersion = 46;
	objects = {

/* Begin PBXBuildFile section */
		059F3297190FF67D000CDD0C /* Foundation.framework in Frameworks */ = {isa = PBXBuildFile; fileRef = 059F3296190FF67D000CDD0C /* Foundation.framework */; };
		059F32A5190FF67D000CDD0C /* XCTest.framework in Frameworks */ = {isa = PBXBuildFile; fileRef = 059F32A4190FF67D000CDD0C /* XCTest.framework */; };
		059F32A6190FF67D000CDD0C /* Foundation.framework in Frameworks */ = {isa = PBXBuildFile; fileRef = 059F3296190FF67D000CDD0C /* Foundation.framework */; };
		059F32A8190FF67D000CDD0C /* UIKit.framework in Frameworks */ = {isa = PBXBuildFile; fileRef = 059F32A7190FF67D000CDD0C /* UIKit.framework */; };
		059F32AB190FF67D000CDD0C /* libethereum.a in Frameworks */ = {isa = PBXBuildFile; fileRef = 059F3293190FF67D000CDD0C /* libethereum.a */; };
		059F32B1190FF67D000CDD0C /* InfoPlist.strings in Resources */ = {isa = PBXBuildFile; fileRef = 059F32AF190FF67D000CDD0C /* InfoPlist.strings */; };
		059F32B3190FF67D000CDD0C /* ethereumTests.m in Sources */ = {isa = PBXBuildFile; fileRef = 059F32B2190FF67D000CDD0C /* ethereumTests.m */; };
		059F333C19120427000CDD0C /* AddressState.cpp in Sources */ = {isa = PBXBuildFile; fileRef = 059F331A19120427000CDD0C /* AddressState.cpp */; };
		059F333D19120427000CDD0C /* BlockChain.cpp in Sources */ = {isa = PBXBuildFile; fileRef = 059F331C19120427000CDD0C /* BlockChain.cpp */; };
		059F333E19120427000CDD0C /* BlockInfo.cpp in Sources */ = {isa = PBXBuildFile; fileRef = 059F331E19120427000CDD0C /* BlockInfo.cpp */; };
		059F333F19120427000CDD0C /* Client.cpp in Sources */ = {isa = PBXBuildFile; fileRef = 059F332019120427000CDD0C /* Client.cpp */; };
		059F334019120427000CDD0C /* CommonEth.cpp in Sources */ = {isa = PBXBuildFile; fileRef = 059F332219120427000CDD0C /* CommonEth.cpp */; };
		059F334119120427000CDD0C /* Dagger.cpp in Sources */ = {isa = PBXBuildFile; fileRef = 059F332419120427000CDD0C /* Dagger.cpp */; };
		059F334219120427000CDD0C /* Defaults.cpp in Sources */ = {isa = PBXBuildFile; fileRef = 059F332619120427000CDD0C /* Defaults.cpp */; };
		059F334319120427000CDD0C /* FeeStructure.cpp in Sources */ = {isa = PBXBuildFile; fileRef = 059F332A19120427000CDD0C /* FeeStructure.cpp */; };
		059F334419120427000CDD0C /* Instruction.cpp in Sources */ = {isa = PBXBuildFile; fileRef = 059F332C19120427000CDD0C /* Instruction.cpp */; };
		059F334519120427000CDD0C /* PeerNetwork.cpp in Sources */ = {isa = PBXBuildFile; fileRef = 059F332E19120427000CDD0C /* PeerNetwork.cpp */; };
		059F334619120427000CDD0C /* PeerServer.cpp in Sources */ = {isa = PBXBuildFile; fileRef = 059F333019120427000CDD0C /* PeerServer.cpp */; };
		059F334719120427000CDD0C /* PeerSession.cpp in Sources */ = {isa = PBXBuildFile; fileRef = 059F333219120427000CDD0C /* PeerSession.cpp */; };
		059F334819120427000CDD0C /* State.cpp in Sources */ = {isa = PBXBuildFile; fileRef = 059F333419120427000CDD0C /* State.cpp */; };
		059F334919120427000CDD0C /* Transaction.cpp in Sources */ = {isa = PBXBuildFile; fileRef = 059F333619120427000CDD0C /* Transaction.cpp */; };
		059F334A19120427000CDD0C /* TransactionQueue.cpp in Sources */ = {isa = PBXBuildFile; fileRef = 059F333819120427000CDD0C /* TransactionQueue.cpp */; };
		059F334B19120427000CDD0C /* VM.cpp in Sources */ = {isa = PBXBuildFile; fileRef = 059F333A19120427000CDD0C /* VM.cpp */; };
		059F334C19120545000CDD0C /* AddressState.h in Resources */ = {isa = PBXBuildFile; fileRef = 059F331B19120427000CDD0C /* AddressState.h */; };
		059F334D19120545000CDD0C /* BlockChain.h in Resources */ = {isa = PBXBuildFile; fileRef = 059F331D19120427000CDD0C /* BlockChain.h */; };
		059F334E19120545000CDD0C /* BlockInfo.h in Resources */ = {isa = PBXBuildFile; fileRef = 059F331F19120427000CDD0C /* BlockInfo.h */; };
		059F334F19120545000CDD0C /* Client.h in Resources */ = {isa = PBXBuildFile; fileRef = 059F332119120427000CDD0C /* Client.h */; };
		059F335019120545000CDD0C /* CommonEth.h in Resources */ = {isa = PBXBuildFile; fileRef = 059F332319120427000CDD0C /* CommonEth.h */; };
		059F335119120545000CDD0C /* Dagger.h in Resources */ = {isa = PBXBuildFile; fileRef = 059F332519120427000CDD0C /* Dagger.h */; };
		059F335219120545000CDD0C /* Defaults.h in Resources */ = {isa = PBXBuildFile; fileRef = 059F332719120427000CDD0C /* Defaults.h */; };
		059F335319120545000CDD0C /* ExtVMFace.h in Resources */ = {isa = PBXBuildFile; fileRef = 059F332919120427000CDD0C /* ExtVMFace.h */; };
		059F335419120545000CDD0C /* FeeStructure.h in Resources */ = {isa = PBXBuildFile; fileRef = 059F332B19120427000CDD0C /* FeeStructure.h */; };
		059F335519120545000CDD0C /* Instruction.h in Resources */ = {isa = PBXBuildFile; fileRef = 059F332D19120427000CDD0C /* Instruction.h */; };
		059F335619120545000CDD0C /* PeerNetwork.h in Resources */ = {isa = PBXBuildFile; fileRef = 059F332F19120427000CDD0C /* PeerNetwork.h */; };
		059F335719120545000CDD0C /* PeerServer.h in Resources */ = {isa = PBXBuildFile; fileRef = 059F333119120427000CDD0C /* PeerServer.h */; };
		059F335819120545000CDD0C /* PeerSession.h in Resources */ = {isa = PBXBuildFile; fileRef = 059F333319120427000CDD0C /* PeerSession.h */; };
		059F335919120545000CDD0C /* State.h in Resources */ = {isa = PBXBuildFile; fileRef = 059F333519120427000CDD0C /* State.h */; };
		059F335A19120545000CDD0C /* Transaction.h in Resources */ = {isa = PBXBuildFile; fileRef = 059F333719120427000CDD0C /* Transaction.h */; };
		059F335B19120545000CDD0C /* TransactionQueue.h in Resources */ = {isa = PBXBuildFile; fileRef = 059F333919120427000CDD0C /* TransactionQueue.h */; };
		059F335C19120545000CDD0C /* VM.h in Resources */ = {isa = PBXBuildFile; fileRef = 059F333B19120427000CDD0C /* VM.h */; };
		059F335E191205DB000CDD0C /* boost.framework in Frameworks */ = {isa = PBXBuildFile; fileRef = 059F335D191205DB000CDD0C /* boost.framework */; };
		059F3360191205EC000CDD0C /* cryptopp.framework in Frameworks */ = {isa = PBXBuildFile; fileRef = 059F335F191205EC000CDD0C /* cryptopp.framework */; };
		059F336219120607000CDD0C /* gmp.framework in Frameworks */ = {isa = PBXBuildFile; fileRef = 059F336119120607000CDD0C /* gmp.framework */; };
		059F336419120632000CDD0C /* leveldb.framework in Frameworks */ = {isa = PBXBuildFile; fileRef = 059F336319120632000CDD0C /* leveldb.framework */; };
		059F3368191206AE000CDD0C /* miniupnpc.framework in Frameworks */ = {isa = PBXBuildFile; fileRef = 059F3367191206AD000CDD0C /* miniupnpc.framework */; };
		059F336A191206BC000CDD0C /* secp256k1.framework in Frameworks */ = {isa = PBXBuildFile; fileRef = 059F3369191206BC000CDD0C /* secp256k1.framework */; };
		059F338719120BFD000CDD0C /* libethcore.a in Frameworks */ = {isa = PBXBuildFile; fileRef = 059F338419120BE8000CDD0C /* libethcore.a */; };
/* End PBXBuildFile section */

/* Begin PBXContainerItemProxy section */
		059F32A9190FF67D000CDD0C /* PBXContainerItemProxy */ = {
			isa = PBXContainerItemProxy;
			containerPortal = 059F328B190FF67D000CDD0C /* Project object */;
			proxyType = 1;
			remoteGlobalIDString = 059F3292190FF67D000CDD0C;
			remoteInfo = ethereum;
		};
		059F338319120BE8000CDD0C /* PBXContainerItemProxy */ = {
			isa = PBXContainerItemProxy;
			containerPortal = 059F337E19120BE7000CDD0C /* ethcore.xcodeproj */;
			proxyType = 2;
			remoteGlobalIDString = 059F3234190FF572000CDD0C;
			remoteInfo = ethcore;
		};
		059F338519120BE8000CDD0C /* PBXContainerItemProxy */ = {
			isa = PBXContainerItemProxy;
			containerPortal = 059F337E19120BE7000CDD0C /* ethcore.xcodeproj */;
			proxyType = 2;
			remoteGlobalIDString = 059F3244190FF572000CDD0C;
			remoteInfo = ethcoreTests;
		};
		059F338B19128C4E000CDD0C /* PBXContainerItemProxy */ = {
			isa = PBXContainerItemProxy;
			containerPortal = 059F337E19120BE7000CDD0C /* ethcore.xcodeproj */;
			proxyType = 1;
			remoteGlobalIDString = 059F3233190FF572000CDD0C;
			remoteInfo = ethcore;
		};
/* End PBXContainerItemProxy section */

/* Begin PBXCopyFilesBuildPhase section */
		059F3291190FF67D000CDD0C /* CopyFiles */ = {
			isa = PBXCopyFilesBuildPhase;
			buildActionMask = 2147483647;
			dstPath = "include/$(PRODUCT_NAME)";
			dstSubfolderSpec = 16;
			files = (
			);
			runOnlyForDeploymentPostprocessing = 0;
		};
/* End PBXCopyFilesBuildPhase section */

/* Begin PBXFileReference section */
		059F3293190FF67D000CDD0C /* libethereum.a */ = {isa = PBXFileReference; explicitFileType = archive.ar; includeInIndex = 0; path = libethereum.a; sourceTree = BUILT_PRODUCTS_DIR; };
		059F3296190FF67D000CDD0C /* Foundation.framework */ = {isa = PBXFileReference; lastKnownFileType = wrapper.framework; name = Foundation.framework; path = System/Library/Frameworks/Foundation.framework; sourceTree = SDKROOT; };
		059F329A190FF67D000CDD0C /* ethereum-Prefix.pch */ = {isa = PBXFileReference; lastKnownFileType = sourcecode.c.h; path = "ethereum-Prefix.pch"; sourceTree = "<group>"; };
		059F32A3190FF67D000CDD0C /* ethereumTests.xctest */ = {isa = PBXFileReference; explicitFileType = wrapper.cfbundle; includeInIndex = 0; path = ethereumTests.xctest; sourceTree = BUILT_PRODUCTS_DIR; };
		059F32A4190FF67D000CDD0C /* XCTest.framework */ = {isa = PBXFileReference; lastKnownFileType = wrapper.framework; name = XCTest.framework; path = Library/Frameworks/XCTest.framework; sourceTree = DEVELOPER_DIR; };
		059F32A7190FF67D000CDD0C /* UIKit.framework */ = {isa = PBXFileReference; lastKnownFileType = wrapper.framework; name = UIKit.framework; path = Library/Frameworks/UIKit.framework; sourceTree = DEVELOPER_DIR; };
		059F32AE190FF67D000CDD0C /* ethereumTests-Info.plist */ = {isa = PBXFileReference; lastKnownFileType = text.plist.xml; path = "ethereumTests-Info.plist"; sourceTree = "<group>"; };
		059F32B0190FF67D000CDD0C /* en */ = {isa = PBXFileReference; lastKnownFileType = text.plist.strings; name = en; path = en.lproj/InfoPlist.strings; sourceTree = "<group>"; };
		059F32B2190FF67D000CDD0C /* ethereumTests.m */ = {isa = PBXFileReference; lastKnownFileType = sourcecode.c.objc; path = ethereumTests.m; sourceTree = "<group>"; };
		059F331A19120427000CDD0C /* AddressState.cpp */ = {isa = PBXFileReference; fileEncoding = 4; lastKnownFileType = sourcecode.cpp.cpp; name = AddressState.cpp; path = "../../cpp-ethereum/libethereum/AddressState.cpp"; sourceTree = "<group>"; };
		059F331B19120427000CDD0C /* AddressState.h */ = {isa = PBXFileReference; fileEncoding = 4; lastKnownFileType = sourcecode.c.h; name = AddressState.h; path = "../../cpp-ethereum/libethereum/AddressState.h"; sourceTree = "<group>"; };
		059F331C19120427000CDD0C /* BlockChain.cpp */ = {isa = PBXFileReference; fileEncoding = 4; lastKnownFileType = sourcecode.cpp.cpp; name = BlockChain.cpp; path = "../../cpp-ethereum/libethereum/BlockChain.cpp"; sourceTree = "<group>"; };
		059F331D19120427000CDD0C /* BlockChain.h */ = {isa = PBXFileReference; fileEncoding = 4; lastKnownFileType = sourcecode.c.h; name = BlockChain.h; path = "../../cpp-ethereum/libethereum/BlockChain.h"; sourceTree = "<group>"; };
		059F331E19120427000CDD0C /* BlockInfo.cpp */ = {isa = PBXFileReference; fileEncoding = 4; lastKnownFileType = sourcecode.cpp.cpp; name = BlockInfo.cpp; path = "../../cpp-ethereum/libethereum/BlockInfo.cpp"; sourceTree = "<group>"; };
		059F331F19120427000CDD0C /* BlockInfo.h */ = {isa = PBXFileReference; fileEncoding = 4; lastKnownFileType = sourcecode.c.h; name = BlockInfo.h; path = "../../cpp-ethereum/libethereum/BlockInfo.h"; sourceTree = "<group>"; };
		059F332019120427000CDD0C /* Client.cpp */ = {isa = PBXFileReference; fileEncoding = 4; lastKnownFileType = sourcecode.cpp.cpp; name = Client.cpp; path = "../../cpp-ethereum/libethereum/Client.cpp"; sourceTree = "<group>"; };
		059F332119120427000CDD0C /* Client.h */ = {isa = PBXFileReference; fileEncoding = 4; lastKnownFileType = sourcecode.c.h; name = Client.h; path = "../../cpp-ethereum/libethereum/Client.h"; sourceTree = "<group>"; };
		059F332219120427000CDD0C /* CommonEth.cpp */ = {isa = PBXFileReference; fileEncoding = 4; lastKnownFileType = sourcecode.cpp.cpp; name = CommonEth.cpp; path = "../../cpp-ethereum/libethereum/CommonEth.cpp"; sourceTree = "<group>"; };
		059F332319120427000CDD0C /* CommonEth.h */ = {isa = PBXFileReference; fileEncoding = 4; lastKnownFileType = sourcecode.c.h; name = CommonEth.h; path = "../../cpp-ethereum/libethereum/CommonEth.h"; sourceTree = "<group>"; };
		059F332419120427000CDD0C /* Dagger.cpp */ = {isa = PBXFileReference; fileEncoding = 4; lastKnownFileType = sourcecode.cpp.cpp; name = Dagger.cpp; path = "../../cpp-ethereum/libethereum/Dagger.cpp"; sourceTree = "<group>"; };
		059F332519120427000CDD0C /* Dagger.h */ = {isa = PBXFileReference; fileEncoding = 4; lastKnownFileType = sourcecode.c.h; name = Dagger.h; path = "../../cpp-ethereum/libethereum/Dagger.h"; sourceTree = "<group>"; };
		059F332619120427000CDD0C /* Defaults.cpp */ = {isa = PBXFileReference; fileEncoding = 4; lastKnownFileType = sourcecode.cpp.cpp; name = Defaults.cpp; path = "../../cpp-ethereum/libethereum/Defaults.cpp"; sourceTree = "<group>"; };
		059F332719120427000CDD0C /* Defaults.h */ = {isa = PBXFileReference; fileEncoding = 4; lastKnownFileType = sourcecode.c.h; name = Defaults.h; path = "../../cpp-ethereum/libethereum/Defaults.h"; sourceTree = "<group>"; };
		059F332819120427000CDD0C /* Exceptions.h */ = {isa = PBXFileReference; fileEncoding = 4; lastKnownFileType = sourcecode.c.h; name = Exceptions.h; path = "../../cpp-ethereum/libethereum/Exceptions.h"; sourceTree = "<group>"; };
		059F332919120427000CDD0C /* ExtVMFace.h */ = {isa = PBXFileReference; fileEncoding = 4; lastKnownFileType = sourcecode.c.h; name = ExtVMFace.h; path = "../../cpp-ethereum/libethereum/ExtVMFace.h"; sourceTree = "<group>"; };
		059F332A19120427000CDD0C /* FeeStructure.cpp */ = {isa = PBXFileReference; fileEncoding = 4; lastKnownFileType = sourcecode.cpp.cpp; name = FeeStructure.cpp; path = "../../cpp-ethereum/libethereum/FeeStructure.cpp"; sourceTree = "<group>"; };
		059F332B19120427000CDD0C /* FeeStructure.h */ = {isa = PBXFileReference; fileEncoding = 4; lastKnownFileType = sourcecode.c.h; name = FeeStructure.h; path = "../../cpp-ethereum/libethereum/FeeStructure.h"; sourceTree = "<group>"; };
		059F332C19120427000CDD0C /* Instruction.cpp */ = {isa = PBXFileReference; fileEncoding = 4; lastKnownFileType = sourcecode.cpp.cpp; name = Instruction.cpp; path = "../../cpp-ethereum/libethereum/Instruction.cpp"; sourceTree = "<group>"; };
		059F332D19120427000CDD0C /* Instruction.h */ = {isa = PBXFileReference; fileEncoding = 4; lastKnownFileType = sourcecode.c.h; name = Instruction.h; path = "../../cpp-ethereum/libethereum/Instruction.h"; sourceTree = "<group>"; };
		059F332E19120427000CDD0C /* PeerNetwork.cpp */ = {isa = PBXFileReference; fileEncoding = 4; lastKnownFileType = sourcecode.cpp.cpp; name = PeerNetwork.cpp; path = "../../cpp-ethereum/libethereum/PeerNetwork.cpp"; sourceTree = "<group>"; };
		059F332F19120427000CDD0C /* PeerNetwork.h */ = {isa = PBXFileReference; fileEncoding = 4; lastKnownFileType = sourcecode.c.h; name = PeerNetwork.h; path = "../../cpp-ethereum/libethereum/PeerNetwork.h"; sourceTree = "<group>"; };
		059F333019120427000CDD0C /* PeerServer.cpp */ = {isa = PBXFileReference; fileEncoding = 4; lastKnownFileType = sourcecode.cpp.cpp; name = PeerServer.cpp; path = "../../cpp-ethereum/libethereum/PeerServer.cpp"; sourceTree = "<group>"; };
		059F333119120427000CDD0C /* PeerServer.h */ = {isa = PBXFileReference; fileEncoding = 4; lastKnownFileType = sourcecode.c.h; name = PeerServer.h; path = "../../cpp-ethereum/libethereum/PeerServer.h"; sourceTree = "<group>"; };
		059F333219120427000CDD0C /* PeerSession.cpp */ = {isa = PBXFileReference; fileEncoding = 4; lastKnownFileType = sourcecode.cpp.cpp; name = PeerSession.cpp; path = "../../cpp-ethereum/libethereum/PeerSession.cpp"; sourceTree = "<group>"; };
		059F333319120427000CDD0C /* PeerSession.h */ = {isa = PBXFileReference; fileEncoding = 4; lastKnownFileType = sourcecode.c.h; name = PeerSession.h; path = "../../cpp-ethereum/libethereum/PeerSession.h"; sourceTree = "<group>"; };
		059F333419120427000CDD0C /* State.cpp */ = {isa = PBXFileReference; fileEncoding = 4; lastKnownFileType = sourcecode.cpp.cpp; name = State.cpp; path = "../../cpp-ethereum/libethereum/State.cpp"; sourceTree = "<group>"; };
		059F333519120427000CDD0C /* State.h */ = {isa = PBXFileReference; fileEncoding = 4; lastKnownFileType = sourcecode.c.h; name = State.h; path = "../../cpp-ethereum/libethereum/State.h"; sourceTree = "<group>"; };
		059F333619120427000CDD0C /* Transaction.cpp */ = {isa = PBXFileReference; fileEncoding = 4; lastKnownFileType = sourcecode.cpp.cpp; name = Transaction.cpp; path = "../../cpp-ethereum/libethereum/Transaction.cpp"; sourceTree = "<group>"; };
		059F333719120427000CDD0C /* Transaction.h */ = {isa = PBXFileReference; fileEncoding = 4; lastKnownFileType = sourcecode.c.h; name = Transaction.h; path = "../../cpp-ethereum/libethereum/Transaction.h"; sourceTree = "<group>"; };
		059F333819120427000CDD0C /* TransactionQueue.cpp */ = {isa = PBXFileReference; fileEncoding = 4; lastKnownFileType = sourcecode.cpp.cpp; name = TransactionQueue.cpp; path = "../../cpp-ethereum/libethereum/TransactionQueue.cpp"; sourceTree = "<group>"; };
		059F333919120427000CDD0C /* TransactionQueue.h */ = {isa = PBXFileReference; fileEncoding = 4; lastKnownFileType = sourcecode.c.h; name = TransactionQueue.h; path = "../../cpp-ethereum/libethereum/TransactionQueue.h"; sourceTree = "<group>"; };
		059F333A19120427000CDD0C /* VM.cpp */ = {isa = PBXFileReference; fileEncoding = 4; lastKnownFileType = sourcecode.cpp.cpp; name = VM.cpp; path = "../../cpp-ethereum/libethereum/VM.cpp"; sourceTree = "<group>"; };
		059F333B19120427000CDD0C /* VM.h */ = {isa = PBXFileReference; fileEncoding = 4; lastKnownFileType = sourcecode.c.h; name = VM.h; path = "../../cpp-ethereum/libethereum/VM.h"; sourceTree = "<group>"; };
		059F335D191205DB000CDD0C /* boost.framework */ = {isa = PBXFileReference; lastKnownFileType = wrapper.framework; name = boost.framework; path = "../../ios-boost/framework/boost.framework"; sourceTree = "<group>"; };
		059F335F191205EC000CDD0C /* cryptopp.framework */ = {isa = PBXFileReference; lastKnownFileType = wrapper.framework; name = cryptopp.framework; path = "../../ios-cryptopp/framework/cryptopp.framework"; sourceTree = "<group>"; };
		059F336119120607000CDD0C /* gmp.framework */ = {isa = PBXFileReference; lastKnownFileType = wrapper.framework; name = gmp.framework; path = "../../ios-gmp/framework/gmp.framework"; sourceTree = "<group>"; };
		059F336319120632000CDD0C /* leveldb.framework */ = {isa = PBXFileReference; lastKnownFileType = wrapper.framework; name = leveldb.framework; path = "../../ios-leveldb/framework/leveldb.framework"; sourceTree = "<group>"; };
		059F336519120641000CDD0C /* libethcore.framework */ = {isa = PBXFileReference; lastKnownFileType = wrapper.framework; name = libethcore.framework; path = "../../ios-libethcore/framework/libethcore.framework"; sourceTree = "<group>"; };
		059F3367191206AD000CDD0C /* miniupnpc.framework */ = {isa = PBXFileReference; lastKnownFileType = wrapper.framework; name = miniupnpc.framework; path = "../../ios-miniupnpc/framework/miniupnpc.framework"; sourceTree = "<group>"; };
		059F3369191206BC000CDD0C /* secp256k1.framework */ = {isa = PBXFileReference; lastKnownFileType = wrapper.framework; name = secp256k1.framework; path = "../../ios-secp256k1/framework/secp256k1.framework"; sourceTree = "<group>"; };
		059F337E19120BE7000CDD0C /* ethcore.xcodeproj */ = {isa = PBXFileReference; lastKnownFileType = "wrapper.pb-project"; name = ethcore.xcodeproj; path = ../ethcore/ethcore.xcodeproj; sourceTree = "<group>"; };
/* End PBXFileReference section */

/* Begin PBXFrameworksBuildPhase section */
		059F3290190FF67D000CDD0C /* Frameworks */ = {
			isa = PBXFrameworksBuildPhase;
			buildActionMask = 2147483647;
			files = (
				059F338719120BFD000CDD0C /* libethcore.a in Frameworks */,
				059F336A191206BC000CDD0C /* secp256k1.framework in Frameworks */,
				059F3368191206AE000CDD0C /* miniupnpc.framework in Frameworks */,
				059F336419120632000CDD0C /* leveldb.framework in Frameworks */,
				059F336219120607000CDD0C /* gmp.framework in Frameworks */,
				059F3360191205EC000CDD0C /* cryptopp.framework in Frameworks */,
				059F335E191205DB000CDD0C /* boost.framework in Frameworks */,
				059F3297190FF67D000CDD0C /* Foundation.framework in Frameworks */,
			);
			runOnlyForDeploymentPostprocessing = 0;
		};
		059F32A0190FF67D000CDD0C /* Frameworks */ = {
			isa = PBXFrameworksBuildPhase;
			buildActionMask = 2147483647;
			files = (
				059F32A5190FF67D000CDD0C /* XCTest.framework in Frameworks */,
				059F32A8190FF67D000CDD0C /* UIKit.framework in Frameworks */,
				059F32AB190FF67D000CDD0C /* libethereum.a in Frameworks */,
				059F32A6190FF67D000CDD0C /* Foundation.framework in Frameworks */,
			);
			runOnlyForDeploymentPostprocessing = 0;
		};
/* End PBXFrameworksBuildPhase section */

/* Begin PBXGroup section */
		059F328A190FF67D000CDD0C = {
			isa = PBXGroup;
			children = (
				059F337E19120BE7000CDD0C /* ethcore.xcodeproj */,
				059F3298190FF67D000CDD0C /* ethereum */,
				059F32AC190FF67D000CDD0C /* ethereumTests */,
				059F3295190FF67D000CDD0C /* Frameworks */,
				059F3294190FF67D000CDD0C /* Products */,
			);
			sourceTree = "<group>";
		};
		059F3294190FF67D000CDD0C /* Products */ = {
			isa = PBXGroup;
			children = (
				059F3293190FF67D000CDD0C /* libethereum.a */,
				059F32A3190FF67D000CDD0C /* ethereumTests.xctest */,
			);
			name = Products;
			sourceTree = "<group>";
		};
		059F3295190FF67D000CDD0C /* Frameworks */ = {
			isa = PBXGroup;
			children = (
				059F3369191206BC000CDD0C /* secp256k1.framework */,
				059F3367191206AD000CDD0C /* miniupnpc.framework */,
				059F336519120641000CDD0C /* libethcore.framework */,
				059F336319120632000CDD0C /* leveldb.framework */,
				059F336119120607000CDD0C /* gmp.framework */,
				059F335F191205EC000CDD0C /* cryptopp.framework */,
				059F335D191205DB000CDD0C /* boost.framework */,
				059F3296190FF67D000CDD0C /* Foundation.framework */,
				059F32A4190FF67D000CDD0C /* XCTest.framework */,
				059F32A7190FF67D000CDD0C /* UIKit.framework */,
			);
			name = Frameworks;
			sourceTree = "<group>";
		};
		059F3298190FF67D000CDD0C /* ethereum */ = {
			isa = PBXGroup;
			children = (
				059F331A19120427000CDD0C /* AddressState.cpp */,
				059F331B19120427000CDD0C /* AddressState.h */,
				059F331C19120427000CDD0C /* BlockChain.cpp */,
				059F331D19120427000CDD0C /* BlockChain.h */,
				059F331E19120427000CDD0C /* BlockInfo.cpp */,
				059F331F19120427000CDD0C /* BlockInfo.h */,
				059F332019120427000CDD0C /* Client.cpp */,
				059F332119120427000CDD0C /* Client.h */,
				059F332219120427000CDD0C /* CommonEth.cpp */,
				059F332319120427000CDD0C /* CommonEth.h */,
				059F332419120427000CDD0C /* Dagger.cpp */,
				059F332519120427000CDD0C /* Dagger.h */,
				059F332619120427000CDD0C /* Defaults.cpp */,
				059F332719120427000CDD0C /* Defaults.h */,
				059F332819120427000CDD0C /* Exceptions.h */,
				059F332919120427000CDD0C /* ExtVMFace.h */,
				059F332A19120427000CDD0C /* FeeStructure.cpp */,
				059F332B19120427000CDD0C /* FeeStructure.h */,
				059F332C19120427000CDD0C /* Instruction.cpp */,
				059F332D19120427000CDD0C /* Instruction.h */,
				059F332E19120427000CDD0C /* PeerNetwork.cpp */,
				059F332F19120427000CDD0C /* PeerNetwork.h */,
				059F333019120427000CDD0C /* PeerServer.cpp */,
				059F333119120427000CDD0C /* PeerServer.h */,
				059F333219120427000CDD0C /* PeerSession.cpp */,
				059F333319120427000CDD0C /* PeerSession.h */,
				059F333419120427000CDD0C /* State.cpp */,
				059F333519120427000CDD0C /* State.h */,
				059F333619120427000CDD0C /* Transaction.cpp */,
				059F333719120427000CDD0C /* Transaction.h */,
				059F333819120427000CDD0C /* TransactionQueue.cpp */,
				059F333919120427000CDD0C /* TransactionQueue.h */,
				059F333A19120427000CDD0C /* VM.cpp */,
				059F333B19120427000CDD0C /* VM.h */,
				059F3299190FF67D000CDD0C /* Supporting Files */,
			);
			path = ethereum;
			sourceTree = "<group>";
		};
		059F3299190FF67D000CDD0C /* Supporting Files */ = {
			isa = PBXGroup;
			children = (
				059F329A190FF67D000CDD0C /* ethereum-Prefix.pch */,
			);
			name = "Supporting Files";
			sourceTree = "<group>";
		};
		059F32AC190FF67D000CDD0C /* ethereumTests */ = {
			isa = PBXGroup;
			children = (
				059F32B2190FF67D000CDD0C /* ethereumTests.m */,
				059F32AD190FF67D000CDD0C /* Supporting Files */,
			);
			path = ethereumTests;
			sourceTree = "<group>";
		};
		059F32AD190FF67D000CDD0C /* Supporting Files */ = {
			isa = PBXGroup;
			children = (
				059F32AE190FF67D000CDD0C /* ethereumTests-Info.plist */,
				059F32AF190FF67D000CDD0C /* InfoPlist.strings */,
			);
			name = "Supporting Files";
			sourceTree = "<group>";
		};
		059F337F19120BE7000CDD0C /* Products */ = {
			isa = PBXGroup;
			children = (
				059F338419120BE8000CDD0C /* libethcore.a */,
				059F338619120BE8000CDD0C /* ethcoreTests.xctest */,
			);
			name = Products;
			sourceTree = "<group>";
		};
/* End PBXGroup section */

/* Begin PBXNativeTarget section */
		059F3292190FF67D000CDD0C /* ethereum */ = {
			isa = PBXNativeTarget;
			buildConfigurationList = 059F32B6190FF67D000CDD0C /* Build configuration list for PBXNativeTarget "ethereum" */;
			buildPhases = (
				059F328F190FF67D000CDD0C /* Sources */,
				059F3290190FF67D000CDD0C /* Frameworks */,
				059F3291190FF67D000CDD0C /* CopyFiles */,
			);
			buildRules = (
			);
			dependencies = (
				059F338C19128C4E000CDD0C /* PBXTargetDependency */,
			);
			name = ethereum;
			productName = ethereum;
			productReference = 059F3293190FF67D000CDD0C /* libethereum.a */;
			productType = "com.apple.product-type.library.static";
		};
		059F32A2190FF67D000CDD0C /* ethereumTests */ = {
			isa = PBXNativeTarget;
			buildConfigurationList = 059F32B9190FF67D000CDD0C /* Build configuration list for PBXNativeTarget "ethereumTests" */;
			buildPhases = (
				059F329F190FF67D000CDD0C /* Sources */,
				059F32A0190FF67D000CDD0C /* Frameworks */,
				059F32A1190FF67D000CDD0C /* Resources */,
			);
			buildRules = (
			);
			dependencies = (
				059F32AA190FF67D000CDD0C /* PBXTargetDependency */,
			);
			name = ethereumTests;
			productName = ethereumTests;
			productReference = 059F32A3190FF67D000CDD0C /* ethereumTests.xctest */;
			productType = "com.apple.product-type.bundle.unit-test";
		};
/* End PBXNativeTarget section */

/* Begin PBXProject section */
		059F328B190FF67D000CDD0C /* Project object */ = {
			isa = PBXProject;
			attributes = {
				LastUpgradeCheck = 0510;
				ORGANIZATIONNAME = gnos.us;
			};
			buildConfigurationList = 059F328E190FF67D000CDD0C /* Build configuration list for PBXProject "ethereum" */;
			compatibilityVersion = "Xcode 3.2";
			developmentRegion = English;
			hasScannedForEncodings = 0;
			knownRegions = (
				en,
			);
			mainGroup = 059F328A190FF67D000CDD0C;
			productRefGroup = 059F3294190FF67D000CDD0C /* Products */;
			projectDirPath = "";
			projectReferences = (
				{
					ProductGroup = 059F337F19120BE7000CDD0C /* Products */;
					ProjectRef = 059F337E19120BE7000CDD0C /* ethcore.xcodeproj */;
				},
			);
			projectRoot = "";
			targets = (
				059F3292190FF67D000CDD0C /* ethereum */,
				059F32A2190FF67D000CDD0C /* ethereumTests */,
			);
		};
/* End PBXProject section */

/* Begin PBXReferenceProxy section */
		059F338419120BE8000CDD0C /* libethcore.a */ = {
			isa = PBXReferenceProxy;
			fileType = archive.ar;
			path = libethcore.a;
			remoteRef = 059F338319120BE8000CDD0C /* PBXContainerItemProxy */;
			sourceTree = BUILT_PRODUCTS_DIR;
		};
		059F338619120BE8000CDD0C /* ethcoreTests.xctest */ = {
			isa = PBXReferenceProxy;
			fileType = wrapper.cfbundle;
			path = ethcoreTests.xctest;
			remoteRef = 059F338519120BE8000CDD0C /* PBXContainerItemProxy */;
			sourceTree = BUILT_PRODUCTS_DIR;
		};
/* End PBXReferenceProxy section */

/* Begin PBXResourcesBuildPhase section */
		059F32A1190FF67D000CDD0C /* Resources */ = {
			isa = PBXResourcesBuildPhase;
			buildActionMask = 2147483647;
			files = (
				059F334C19120545000CDD0C /* AddressState.h in Resources */,
				059F334D19120545000CDD0C /* BlockChain.h in Resources */,
				059F334E19120545000CDD0C /* BlockInfo.h in Resources */,
				059F334F19120545000CDD0C /* Client.h in Resources */,
				059F335019120545000CDD0C /* CommonEth.h in Resources */,
				059F335119120545000CDD0C /* Dagger.h in Resources */,
				059F335219120545000CDD0C /* Defaults.h in Resources */,
				059F335319120545000CDD0C /* ExtVMFace.h in Resources */,
				059F335419120545000CDD0C /* FeeStructure.h in Resources */,
				059F335519120545000CDD0C /* Instruction.h in Resources */,
				059F335619120545000CDD0C /* PeerNetwork.h in Resources */,
				059F335719120545000CDD0C /* PeerServer.h in Resources */,
				059F335819120545000CDD0C /* PeerSession.h in Resources */,
				059F335919120545000CDD0C /* State.h in Resources */,
				059F335A19120545000CDD0C /* Transaction.h in Resources */,
				059F335B19120545000CDD0C /* TransactionQueue.h in Resources */,
				059F335C19120545000CDD0C /* VM.h in Resources */,
				059F32B1190FF67D000CDD0C /* InfoPlist.strings in Resources */,
			);
			runOnlyForDeploymentPostprocessing = 0;
		};
/* End PBXResourcesBuildPhase section */

/* Begin PBXSourcesBuildPhase section */
		059F328F190FF67D000CDD0C /* Sources */ = {
			isa = PBXSourcesBuildPhase;
			buildActionMask = 2147483647;
			files = (
				059F333E19120427000CDD0C /* BlockInfo.cpp in Sources */,
				059F333C19120427000CDD0C /* AddressState.cpp in Sources */,
				059F334519120427000CDD0C /* PeerNetwork.cpp in Sources */,
				059F334319120427000CDD0C /* FeeStructure.cpp in Sources */,
				059F333F19120427000CDD0C /* Client.cpp in Sources */,
				059F334019120427000CDD0C /* CommonEth.cpp in Sources */,
				059F334819120427000CDD0C /* State.cpp in Sources */,
				059F334619120427000CDD0C /* PeerServer.cpp in Sources */,
				059F334A19120427000CDD0C /* TransactionQueue.cpp in Sources */,
				059F334419120427000CDD0C /* Instruction.cpp in Sources */,
				059F334B19120427000CDD0C /* VM.cpp in Sources */,
				059F334719120427000CDD0C /* PeerSession.cpp in Sources */,
				059F334219120427000CDD0C /* Defaults.cpp in Sources */,
				059F333D19120427000CDD0C /* BlockChain.cpp in Sources */,
				059F334919120427000CDD0C /* Transaction.cpp in Sources */,
				059F334119120427000CDD0C /* Dagger.cpp in Sources */,
			);
			runOnlyForDeploymentPostprocessing = 0;
		};
		059F329F190FF67D000CDD0C /* Sources */ = {
			isa = PBXSourcesBuildPhase;
			buildActionMask = 2147483647;
			files = (
				059F32B3190FF67D000CDD0C /* ethereumTests.m in Sources */,
			);
			runOnlyForDeploymentPostprocessing = 0;
		};
/* End PBXSourcesBuildPhase section */

/* Begin PBXTargetDependency section */
		059F32AA190FF67D000CDD0C /* PBXTargetDependency */ = {
			isa = PBXTargetDependency;
			target = 059F3292190FF67D000CDD0C /* ethereum */;
			targetProxy = 059F32A9190FF67D000CDD0C /* PBXContainerItemProxy */;
		};
		059F338C19128C4E000CDD0C /* PBXTargetDependency */ = {
			isa = PBXTargetDependency;
			name = ethcore;
			targetProxy = 059F338B19128C4E000CDD0C /* PBXContainerItemProxy */;
		};
/* End PBXTargetDependency section */

/* Begin PBXVariantGroup section */
		059F32AF190FF67D000CDD0C /* InfoPlist.strings */ = {
			isa = PBXVariantGroup;
			children = (
				059F32B0190FF67D000CDD0C /* en */,
			);
			name = InfoPlist.strings;
			sourceTree = "<group>";
		};
/* End PBXVariantGroup section */

/* Begin XCBuildConfiguration section */
		059F32B4190FF67D000CDD0C /* Debug */ = {
			isa = XCBuildConfiguration;
			buildSettings = {
				ALWAYS_SEARCH_USER_PATHS = NO;
				CLANG_CXX_LANGUAGE_STANDARD = "gnu++0x";
				CLANG_CXX_LIBRARY = "libc++";
				CLANG_ENABLE_MODULES = YES;
				CLANG_ENABLE_OBJC_ARC = YES;
				CLANG_WARN_BOOL_CONVERSION = YES;
				CLANG_WARN_CONSTANT_CONVERSION = YES;
				CLANG_WARN_DIRECT_OBJC_ISA_USAGE = YES_ERROR;
				CLANG_WARN_EMPTY_BODY = YES;
				CLANG_WARN_ENUM_CONVERSION = YES;
				CLANG_WARN_INT_CONVERSION = YES;
				CLANG_WARN_OBJC_ROOT_CLASS = YES_ERROR;
				CLANG_WARN__DUPLICATE_METHOD_MATCH = YES;
				COPY_PHASE_STRIP = NO;
				GCC_C_LANGUAGE_STANDARD = gnu99;
				GCC_DYNAMIC_NO_PIC = NO;
				GCC_OPTIMIZATION_LEVEL = 0;
				GCC_PREPROCESSOR_DEFINITIONS = (
					"DEBUG=1",
					"$(inherited)",
				);
				GCC_SYMBOLS_PRIVATE_EXTERN = NO;
				GCC_WARN_64_TO_32_BIT_CONVERSION = YES;
				GCC_WARN_ABOUT_RETURN_TYPE = YES_ERROR;
				GCC_WARN_UNDECLARED_SELECTOR = YES;
				GCC_WARN_UNINITIALIZED_AUTOS = YES_AGGRESSIVE;
				GCC_WARN_UNUSED_FUNCTION = YES;
				GCC_WARN_UNUSED_VARIABLE = YES;
				IPHONEOS_DEPLOYMENT_TARGET = 7.1;
				ONLY_ACTIVE_ARCH = YES;
				SDKROOT = iphoneos;
			};
			name = Debug;
		};
		059F32B5190FF67D000CDD0C /* Release */ = {
			isa = XCBuildConfiguration;
			buildSettings = {
				ALWAYS_SEARCH_USER_PATHS = NO;
				CLANG_CXX_LANGUAGE_STANDARD = "gnu++0x";
				CLANG_CXX_LIBRARY = "libc++";
				CLANG_ENABLE_MODULES = YES;
				CLANG_ENABLE_OBJC_ARC = YES;
				CLANG_WARN_BOOL_CONVERSION = YES;
				CLANG_WARN_CONSTANT_CONVERSION = YES;
				CLANG_WARN_DIRECT_OBJC_ISA_USAGE = YES_ERROR;
				CLANG_WARN_EMPTY_BODY = YES;
				CLANG_WARN_ENUM_CONVERSION = YES;
				CLANG_WARN_INT_CONVERSION = YES;
				CLANG_WARN_OBJC_ROOT_CLASS = YES_ERROR;
				CLANG_WARN__DUPLICATE_METHOD_MATCH = YES;
				COPY_PHASE_STRIP = YES;
				ENABLE_NS_ASSERTIONS = NO;
				GCC_C_LANGUAGE_STANDARD = gnu99;
				GCC_WARN_64_TO_32_BIT_CONVERSION = YES;
				GCC_WARN_ABOUT_RETURN_TYPE = YES_ERROR;
				GCC_WARN_UNDECLARED_SELECTOR = YES;
				GCC_WARN_UNINITIALIZED_AUTOS = YES_AGGRESSIVE;
				GCC_WARN_UNUSED_FUNCTION = YES;
				GCC_WARN_UNUSED_VARIABLE = YES;
				IPHONEOS_DEPLOYMENT_TARGET = 7.1;
				SDKROOT = iphoneos;
				VALIDATE_PRODUCT = YES;
			};
			name = Release;
		};
		059F32B7190FF67D000CDD0C /* Debug */ = {
			isa = XCBuildConfiguration;
			buildSettings = {
				DSTROOT = /tmp/ethereum.dst;
				FRAMEWORK_SEARCH_PATHS = (
					"$(inherited)",
					"../../ios-boost/framework",
					"../../ios-cryptopp/framework",
					"../../ios-gmp/framework",
					"../../ios-leveldb/framework",
					"../../ios-libethcore/framework",
					"../../ios-miniupnpc/framework",
					"../../ios-secp256k1/framework",
				);
				GCC_PRECOMPILE_PREFIX_HEADER = YES;
				GCC_PREFIX_HEADER = "ethereum/ethereum-Prefix.pch";
				HEADER_SEARCH_PATHS = (
					"$(inherited)",
					/Applications/Xcode.app/Contents/Developer/Toolchains/XcodeDefault.xctoolchain/usr/include,
					"../../ios-cryptopp/framework/cryptopp.framework/Headers",
				);
				ONLY_ACTIVE_ARCH = NO;
				OTHER_CPLUSPLUSFLAGS = (
					"$(OTHER_CFLAGS)",
					"-Wno-conversion",
					"-Wno-constexpr-not-const",
				);
				OTHER_LDFLAGS = "-ObjC";
				PRODUCT_NAME = "$(TARGET_NAME)";
				SKIP_INSTALL = YES;
				VALID_ARCHS = "armv7 armv7s";
			};
			name = Debug;
		};
		059F32B8190FF67D000CDD0C /* Release */ = {
			isa = XCBuildConfiguration;
			buildSettings = {
				DSTROOT = /tmp/ethereum.dst;
				FRAMEWORK_SEARCH_PATHS = (
					"$(inherited)",
					"../../ios-boost/framework",
					"../../ios-cryptopp/framework",
					"../../ios-gmp/framework",
					"../../ios-leveldb/framework",
					"../../ios-libethcore/framework",
					"../../ios-miniupnpc/framework",
					"../../ios-secp256k1/framework",
				);
				GCC_PRECOMPILE_PREFIX_HEADER = YES;
				GCC_PREFIX_HEADER = "ethereum/ethereum-Prefix.pch";
				HEADER_SEARCH_PATHS = (
					"$(inherited)",
					/Applications/Xcode.app/Contents/Developer/Toolchains/XcodeDefault.xctoolchain/usr/include,
					"../../ios-cryptopp/framework/cryptopp.framework/Headers",
				);
				OTHER_CPLUSPLUSFLAGS = (
					"$(OTHER_CFLAGS)",
					"-Wno-conversion",
					"-Wno-constexpr-not-const",
				);
				OTHER_LDFLAGS = "-ObjC";
				PRODUCT_NAME = "$(TARGET_NAME)";
				SKIP_INSTALL = YES;
				VALID_ARCHS = "armv7 armv7s";
			};
			name = Release;
		};
		059F32BA190FF67D000CDD0C /* Debug */ = {
			isa = XCBuildConfiguration;
			buildSettings = {
				FRAMEWORK_SEARCH_PATHS = (
					"$(SDKROOT)/Developer/Library/Frameworks",
					"$(inherited)",
					"$(DEVELOPER_FRAMEWORKS_DIR)",
				);
				GCC_PRECOMPILE_PREFIX_HEADER = YES;
				GCC_PREFIX_HEADER = "ethereum/ethereum-Prefix.pch";
				GCC_PREPROCESSOR_DEFINITIONS = (
					"DEBUG=1",
					"$(inherited)",
				);
				INFOPLIST_FILE = "ethereumTests/ethereumTests-Info.plist";
				OTHER_CPLUSPLUSFLAGS = (
					"$(OTHER_CFLAGS)",
					"-Wno-conversion",
					"-Wno-constexpr-not-const",
				);
				PRODUCT_NAME = "$(TARGET_NAME)";
				WRAPPER_EXTENSION = xctest;
			};
			name = Debug;
		};
		059F32BB190FF67D000CDD0C /* Release */ = {
			isa = XCBuildConfiguration;
			buildSettings = {
				FRAMEWORK_SEARCH_PATHS = (
					"$(SDKROOT)/Developer/Library/Frameworks",
					"$(inherited)",
					"$(DEVELOPER_FRAMEWORKS_DIR)",
				);
				GCC_PRECOMPILE_PREFIX_HEADER = YES;
				GCC_PREFIX_HEADER = "ethereum/ethereum-Prefix.pch";
				INFOPLIST_FILE = "ethereumTests/ethereumTests-Info.plist";
				OTHER_CPLUSPLUSFLAGS = (
					"$(OTHER_CFLAGS)",
					"-Wno-conversion",
					"-Wno-constexpr-not-const",
				);
				PRODUCT_NAME = "$(TARGET_NAME)";
				WRAPPER_EXTENSION = xctest;
			};
			name = Release;
		};
/* End XCBuildConfiguration section */

/* Begin XCConfigurationList section */
		059F328E190FF67D000CDD0C /* Build configuration list for PBXProject "ethereum" */ = {
			isa = XCConfigurationList;
			buildConfigurations = (
				059F32B4190FF67D000CDD0C /* Debug */,
				059F32B5190FF67D000CDD0C /* Release */,
			);
			defaultConfigurationIsVisible = 0;
			defaultConfigurationName = Release;
		};
		059F32B6190FF67D000CDD0C /* Build configuration list for PBXNativeTarget "ethereum" */ = {
			isa = XCConfigurationList;
			buildConfigurations = (
				059F32B7190FF67D000CDD0C /* Debug */,
				059F32B8190FF67D000CDD0C /* Release */,
			);
			defaultConfigurationIsVisible = 0;
			defaultConfigurationName = Release;
		};
		059F32B9190FF67D000CDD0C /* Build configuration list for PBXNativeTarget "ethereumTests" */ = {
			isa = XCConfigurationList;
			buildConfigurations = (
				059F32BA190FF67D000CDD0C /* Debug */,
				059F32BB190FF67D000CDD0C /* Release */,
			);
			defaultConfigurationIsVisible = 0;
			defaultConfigurationName = Release;
		};
/* End XCConfigurationList section */
	};
	rootObject = 059F328B190FF67D000CDD0C /* Project object */;
}
